
Microsoft Visual Studio Solution File, Format Version 12.00
# Visual Studio Version 16
VisualStudioVersion = 16.0.29926.136
MinimumVisualStudioVersion = 10.0.40219.1
Project("{FAE04EC0-301F-11D3-BF4B-00C04F79EFBC}") = "NeuInvent.NMS.Tests", "NeuInvent.NMS.Tests.csproj", "{66631CEA-13C2-48B4-B717-1290AA4758C0}"
EndProject
Global
	GlobalSection(SolutionConfigurationPlatforms) = preSolution
		Debug|Any CPU = Debug|Any CPU
		Release|Any CPU = Release|Any CPU
	EndGlobalSection
	GlobalSection(ProjectConfigurationPlatforms) = postSolution
		{66631CEA-13C2-48B4-B717-1290AA4758C0}.Debug|Any CPU.ActiveCfg = Debug|Any CPU
		{66631CEA-13C2-48B4-B717-1290AA4758C0}.Debug|Any CPU.Build.0 = Debug|Any CPU
		{66631CEA-13C2-48B4-B717-1290AA4758C0}.Release|Any CPU.ActiveCfg = Release|Any CPU
		{66631CEA-13C2-48B4-B717-1290AA4758C0}.Release|Any CPU.Build.0 = Release|Any CPU
	EndGlobalSection
	GlobalSection(SolutionProperties) = preSolution
		HideSolutionNode = FALSE
	EndGlobalSection
	GlobalSection(ExtensibilityGlobals) = postSolution
		SolutionGuid = {0CF0AC74-A75A-47B6-8968-2D47443EC6BA}
	EndGlobalSection
EndGlobal
